
Microsoft Visual Studio Solution File, Format Version 12.00
# Visual Studio Version 17
VisualStudioVersion = 17.11.35327.3
MinimumVisualStudioVersion = 10.0.40219.1
Project("{FAE04EC0-301F-11D3-BF4B-00C04F79EFBC}") = "Storium.Domain", "Storium.Domain\Storium.Domain.csproj", "{7A278291-219C-4C6D-B8E8-353300550D9E}"
EndProject
Project("{FAE04EC0-301F-11D3-BF4B-00C04F79EFBC}") = "Storium.Infrastructure", "Storium.Infrastructure\Storium.Infrastructure.csproj", "{5C9E1003-5B85-4180-9583-87424566E183}"
EndProject
Project("{FAE04EC0-301F-11D3-BF4B-00C04F79EFBC}") = "Storium.Application", "Storium.Application\Storium.Application.csproj", "{C3417759-59BB-4604-8488-93815F91D828}"
EndProject
Project("{FAE04EC0-301F-11D3-BF4B-00C04F79EFBC}") = "Storium.API", "Storium.API\Storium.API.csproj", "{C6C01AD2-BDB7-42EA-A224-4140E5F666E5}"
EndProject
Global
	GlobalSection(SolutionConfigurationPlatforms) = preSolution
		Debug|Any CPU = Debug|Any CPU
		Release|Any CPU = Release|Any CPU
	EndGlobalSection
	GlobalSection(ProjectConfigurationPlatforms) = postSolution
		{7A278291-219C-4C6D-B8E8-353300550D9E}.Debug|Any CPU.ActiveCfg = Debug|Any CPU
		{7A278291-219C-4C6D-B8E8-353300550D9E}.Debug|Any CPU.Build.0 = Debug|Any CPU
		{7A278291-219C-4C6D-B8E8-353300550D9E}.Release|Any CPU.ActiveCfg = Release|Any CPU
		{7A278291-219C-4C6D-B8E8-353300550D9E}.Release|Any CPU.Build.0 = Release|Any CPU
		{5C9E1003-5B85-4180-9583-87424566E183}.Debug|Any CPU.ActiveCfg = Debug|Any CPU
		{5C9E1003-5B85-4180-9583-87424566E183}.Debug|Any CPU.Build.0 = Debug|Any CPU
		{5C9E1003-5B85-4180-9583-87424566E183}.Release|Any CPU.ActiveCfg = Release|Any CPU
		{5C9E1003-5B85-4180-9583-87424566E183}.Release|Any CPU.Build.0 = Release|Any CPU
		{C3417759-59BB-4604-8488-93815F91D828}.Debug|Any CPU.ActiveCfg = Debug|Any CPU
		{C3417759-59BB-4604-8488-93815F91D828}.Debug|Any CPU.Build.0 = Debug|Any CPU
		{C3417759-59BB-4604-8488-93815F91D828}.Release|Any CPU.ActiveCfg = Release|Any CPU
		{C3417759-59BB-4604-8488-93815F91D828}.Release|Any CPU.Build.0 = Release|Any CPU
		{C6C01AD2-BDB7-42EA-A224-4140E5F666E5}.Debug|Any CPU.ActiveCfg = Debug|Any CPU
		{C6C01AD2-BDB7-42EA-A224-4140E5F666E5}.Debug|Any CPU.Build.0 = Debug|Any CPU
		{C6C01AD2-BDB7-42EA-A224-4140E5F666E5}.Release|Any CPU.ActiveCfg = Release|Any CPU
		{C6C01AD2-BDB7-42EA-A224-4140E5F666E5}.Release|Any CPU.Build.0 = Release|Any CPU
	EndGlobalSection
	GlobalSection(SolutionProperties) = preSolution
		HideSolutionNode = FALSE
	EndGlobalSection
	GlobalSection(ExtensibilityGlobals) = postSolution
		SolutionGuid = {C034CE3A-2676-4C1A-A454-10977128B49B}
	EndGlobalSection
EndGlobal
